
Microsoft Visual Studio Solution File, Format Version 12.00
# Visual Studio Version 16
VisualStudioVersion = 16.0.31402.337
MinimumVisualStudioVersion = 10.0.40219.1
Project("{FAE04EC0-301F-11D3-BF4B-00C04F79EFBC}") = "MainGameVR", "MainGameVR\MainGameVR.csproj", "{1F634B93-F4C6-45E9-894D-2F3556A74D67}"
EndProject
Project("{FAE04EC0-301F-11D3-BF4B-00C04F79EFBC}") = "CharaStudioVR", "CharaStudioVR\CharaStudioVR.csproj", "{07ECD6A8-61D0-4409-A009-C138E76DFA1F}"
EndProject
Global
	GlobalSection(SolutionConfigurationPlatforms) = preSolution
		Debug|Any CPU = Debug|Any CPU
		Debug|x64 = Debug|x64
		Release|Any CPU = Release|Any CPU
		Release|x64 = Release|x64
	EndGlobalSection
	GlobalSection(ProjectConfigurationPlatforms) = postSolution
		{1F634B93-F4C6-45E9-894D-2F3556A74D67}.Debug|Any CPU.ActiveCfg = Debug|Any CPU
		{1F634B93-F4C6-45E9-894D-2F3556A74D67}.Debug|Any CPU.Build.0 = Debug|Any CPU
		{1F634B93-F4C6-45E9-894D-2F3556A74D67}.Debug|x64.ActiveCfg = Debug|Any CPU
		{1F634B93-F4C6-45E9-894D-2F3556A74D67}.Debug|x64.Build.0 = Debug|Any CPU
		{1F634B93-F4C6-45E9-894D-2F3556A74D67}.Release|Any CPU.ActiveCfg = Release|Any CPU
		{1F634B93-F4C6-45E9-894D-2F3556A74D67}.Release|Any CPU.Build.0 = Release|Any CPU
		{1F634B93-F4C6-45E9-894D-2F3556A74D67}.Release|x64.ActiveCfg = Release|Any CPU
		{1F634B93-F4C6-45E9-894D-2F3556A74D67}.Release|x64.Build.0 = Release|Any CPU
		{07ECD6A8-61D0-4409-A009-C138E76DFA1F}.Debug|Any CPU.ActiveCfg = Debug|Any CPU
		{07ECD6A8-61D0-4409-A009-C138E76DFA1F}.Debug|Any CPU.Build.0 = Debug|Any CPU
		{07ECD6A8-61D0-4409-A009-C138E76DFA1F}.Debug|x64.ActiveCfg = Debug|Any CPU
		{07ECD6A8-61D0-4409-A009-C138E76DFA1F}.Debug|x64.Build.0 = Debug|Any CPU
		{07ECD6A8-61D0-4409-A009-C138E76DFA1F}.Release|Any CPU.ActiveCfg = Release|Any CPU
		{07ECD6A8-61D0-4409-A009-C138E76DFA1F}.Release|Any CPU.Build.0 = Release|Any CPU
		{07ECD6A8-61D0-4409-A009-C138E76DFA1F}.Release|x64.ActiveCfg = Release|Any CPU
		{07ECD6A8-61D0-4409-A009-C138E76DFA1F}.Release|x64.Build.0 = Release|Any CPU
	EndGlobalSection
	GlobalSection(SolutionProperties) = preSolution
		HideSolutionNode = FALSE
	EndGlobalSection
	GlobalSection(ExtensibilityGlobals) = postSolution
		SolutionGuid = {6A44D8C4-D4F0-4951-A1F2-B64FFDD9A290}
	EndGlobalSection
EndGlobal
